
Microsoft Visual Studio Solution File, Format Version 12.00
# Visual Studio Version 17
VisualStudioVersion = 17.5.33424.131
MinimumVisualStudioVersion = 10.0.40219.1
Project("{FAE04EC0-301F-11D3-BF4B-00C04F79EFBC}") = "SmallTasksCS", "SmallTasksCS\SmallTasksCS.csproj", "{F581932A-EC43-4534-B3BA-49C7BC719D93}"
EndProject
Project("{FAE04EC0-301F-11D3-BF4B-00C04F79EFBC}") = "TestSmallTasks", "TestSmallTasks\TestSmallTasks.csproj", "{E58E459F-7A2F-4048-AF8B-E3CF057785FE}"
EndProject
Global
	GlobalSection(SolutionConfigurationPlatforms) = preSolution
		Debug|Any CPU = Debug|Any CPU
		Release|Any CPU = Release|Any CPU
	EndGlobalSection
	GlobalSection(ProjectConfigurationPlatforms) = postSolution
		{F581932A-EC43-4534-B3BA-49C7BC719D93}.Debug|Any CPU.ActiveCfg = Debug|Any CPU
		{F581932A-EC43-4534-B3BA-49C7BC719D93}.Debug|Any CPU.Build.0 = Debug|Any CPU
		{F581932A-EC43-4534-B3BA-49C7BC719D93}.Release|Any CPU.ActiveCfg = Release|Any CPU
		{F581932A-EC43-4534-B3BA-49C7BC719D93}.Release|Any CPU.Build.0 = Release|Any CPU
		{E58E459F-7A2F-4048-AF8B-E3CF057785FE}.Debug|Any CPU.ActiveCfg = Debug|Any CPU
		{E58E459F-7A2F-4048-AF8B-E3CF057785FE}.Debug|Any CPU.Build.0 = Debug|Any CPU
		{E58E459F-7A2F-4048-AF8B-E3CF057785FE}.Release|Any CPU.ActiveCfg = Release|Any CPU
		{E58E459F-7A2F-4048-AF8B-E3CF057785FE}.Release|Any CPU.Build.0 = Release|Any CPU
	EndGlobalSection
	GlobalSection(SolutionProperties) = preSolution
		HideSolutionNode = FALSE
	EndGlobalSection
	GlobalSection(ExtensibilityGlobals) = postSolution
		SolutionGuid = {99B1225B-E2B2-4C07-B1B3-E3C8D595A417}
	EndGlobalSection
EndGlobal
