
Microsoft Visual Studio Solution File, Format Version 12.00
# Visual Studio Version 17
VisualStudioVersion = 17.5.33424.131
MinimumVisualStudioVersion = 10.0.40219.1
Project("{FAE04EC0-301F-11D3-BF4B-00C04F79EFBC}") = "GraphFundamentals", "GraphFundamentals\GraphFundamentals.csproj", "{30E712AA-2CB3-4AC7-9989-88C4A35CC1DC}"
EndProject
Project("{FAE04EC0-301F-11D3-BF4B-00C04F79EFBC}") = "TestGraphFundamentals", "TestGraphFundamentals\TestGraphFundamentals.csproj", "{2685EAE6-B6A3-4A36-A512-2F7997825201}"
EndProject
Project("{FAE04EC0-301F-11D3-BF4B-00C04F79EFBC}") = "Demo", "Demo\Demo.csproj", "{C60D12E1-764C-4357-9B65-2956D443BB98}"
EndProject
Global
	GlobalSection(SolutionConfigurationPlatforms) = preSolution
		Debug|Any CPU = Debug|Any CPU
		Release|Any CPU = Release|Any CPU
	EndGlobalSection
	GlobalSection(ProjectConfigurationPlatforms) = postSolution
		{30E712AA-2CB3-4AC7-9989-88C4A35CC1DC}.Debug|Any CPU.ActiveCfg = Debug|Any CPU
		{30E712AA-2CB3-4AC7-9989-88C4A35CC1DC}.Debug|Any CPU.Build.0 = Debug|Any CPU
		{30E712AA-2CB3-4AC7-9989-88C4A35CC1DC}.Release|Any CPU.ActiveCfg = Release|Any CPU
		{30E712AA-2CB3-4AC7-9989-88C4A35CC1DC}.Release|Any CPU.Build.0 = Release|Any CPU
		{2685EAE6-B6A3-4A36-A512-2F7997825201}.Debug|Any CPU.ActiveCfg = Debug|Any CPU
		{2685EAE6-B6A3-4A36-A512-2F7997825201}.Debug|Any CPU.Build.0 = Debug|Any CPU
		{2685EAE6-B6A3-4A36-A512-2F7997825201}.Release|Any CPU.ActiveCfg = Release|Any CPU
		{2685EAE6-B6A3-4A36-A512-2F7997825201}.Release|Any CPU.Build.0 = Release|Any CPU
		{C60D12E1-764C-4357-9B65-2956D443BB98}.Debug|Any CPU.ActiveCfg = Debug|Any CPU
		{C60D12E1-764C-4357-9B65-2956D443BB98}.Debug|Any CPU.Build.0 = Debug|Any CPU
		{C60D12E1-764C-4357-9B65-2956D443BB98}.Release|Any CPU.ActiveCfg = Release|Any CPU
		{C60D12E1-764C-4357-9B65-2956D443BB98}.Release|Any CPU.Build.0 = Release|Any CPU
	EndGlobalSection
	GlobalSection(SolutionProperties) = preSolution
		HideSolutionNode = FALSE
	EndGlobalSection
	GlobalSection(ExtensibilityGlobals) = postSolution
		SolutionGuid = {5E9AB851-4E29-4B39-8298-530A65AC213F}
	EndGlobalSection
EndGlobal
