
Microsoft Visual Studio Solution File, Format Version 12.00
# Visual Studio Version 17
VisualStudioVersion = 17.5.33424.131
MinimumVisualStudioVersion = 10.0.40219.1
Project("{9A19103F-16F7-4668-BE54-9A1E7A4F7556}") = "Complexity fundamentals", "Complexity fundamentals.csproj", "{4C0F39D1-B8F2-437C-ABA3-65AE6C9F648B}"
EndProject
Project("{FAE04EC0-301F-11D3-BF4B-00C04F79EFBC}") = "TestComplexityFundamentalsHomework", "..\TestComplexityFundamentalsHomework\TestComplexityFundamentalsHomework.csproj", "{D69A7115-2DF5-42E5-9351-B531B767B043}"
EndProject
Global
	GlobalSection(SolutionConfigurationPlatforms) = preSolution
		Debug|Any CPU = Debug|Any CPU
		Release|Any CPU = Release|Any CPU
	EndGlobalSection
	GlobalSection(ProjectConfigurationPlatforms) = postSolution
		{4C0F39D1-B8F2-437C-ABA3-65AE6C9F648B}.Debug|Any CPU.ActiveCfg = Debug|Any CPU
		{4C0F39D1-B8F2-437C-ABA3-65AE6C9F648B}.Debug|Any CPU.Build.0 = Debug|Any CPU
		{4C0F39D1-B8F2-437C-ABA3-65AE6C9F648B}.Release|Any CPU.ActiveCfg = Release|Any CPU
		{4C0F39D1-B8F2-437C-ABA3-65AE6C9F648B}.Release|Any CPU.Build.0 = Release|Any CPU
		{D69A7115-2DF5-42E5-9351-B531B767B043}.Debug|Any CPU.ActiveCfg = Debug|Any CPU
		{D69A7115-2DF5-42E5-9351-B531B767B043}.Debug|Any CPU.Build.0 = Debug|Any CPU
		{D69A7115-2DF5-42E5-9351-B531B767B043}.Release|Any CPU.ActiveCfg = Release|Any CPU
		{D69A7115-2DF5-42E5-9351-B531B767B043}.Release|Any CPU.Build.0 = Release|Any CPU
	EndGlobalSection
	GlobalSection(SolutionProperties) = preSolution
		HideSolutionNode = FALSE
	EndGlobalSection
	GlobalSection(ExtensibilityGlobals) = postSolution
		SolutionGuid = {CBE3DB5C-6EB0-4F13-AA24-F16EB8C1697C}
	EndGlobalSection
EndGlobal
